
Microsoft Visual Studio Solution File, Format Version 12.00
# Visual Studio Version 17
VisualStudioVersion = 17.5.33516.290
MinimumVisualStudioVersion = 10.0.40219.1
Project("{9A19103F-16F7-4668-BE54-9A1E7A4F7556}") = "pracapiapp", "pracapiapp.csproj", "{555196A5-E9A9-454E-A09F-57B21EFE72FA}"
EndProject
Project("{FAE04EC0-301F-11D3-BF4B-00C04F79EFBC}") = "ClassLibrary1", "..\ClassLibrary1\ClassLibrary1.csproj", "{3082C77E-F4AF-491B-A50E-67E574952F49}"
EndProject
Project("{2150E333-8FDC-42A3-9474-1A3956D46DE8}") = "Solution Items", "Solution Items", "{4515C902-510E-4660-8D86-840D3D23E306}"
	ProjectSection(SolutionItems) = preProject
		.editorconfig = .editorconfig
	EndProjectSection
EndProject
Global
	GlobalSection(SolutionConfigurationPlatforms) = preSolution
		Debug|Any CPU = Debug|Any CPU
		Release|Any CPU = Release|Any CPU
	EndGlobalSection
	GlobalSection(ProjectConfigurationPlatforms) = postSolution
		{555196A5-E9A9-454E-A09F-57B21EFE72FA}.Debug|Any CPU.ActiveCfg = Debug|Any CPU
		{555196A5-E9A9-454E-A09F-57B21EFE72FA}.Debug|Any CPU.Build.0 = Debug|Any CPU
		{555196A5-E9A9-454E-A09F-57B21EFE72FA}.Release|Any CPU.ActiveCfg = Release|Any CPU
		{555196A5-E9A9-454E-A09F-57B21EFE72FA}.Release|Any CPU.Build.0 = Release|Any CPU
		{3082C77E-F4AF-491B-A50E-67E574952F49}.Debug|Any CPU.ActiveCfg = Debug|Any CPU
		{3082C77E-F4AF-491B-A50E-67E574952F49}.Debug|Any CPU.Build.0 = Debug|Any CPU
		{3082C77E-F4AF-491B-A50E-67E574952F49}.Release|Any CPU.ActiveCfg = Release|Any CPU
		{3082C77E-F4AF-491B-A50E-67E574952F49}.Release|Any CPU.Build.0 = Release|Any CPU
	EndGlobalSection
	GlobalSection(SolutionProperties) = preSolution
		HideSolutionNode = FALSE
	EndGlobalSection
	GlobalSection(ExtensibilityGlobals) = postSolution
		SolutionGuid = {71E03156-A04B-405B-91E7-5E101FB87AAB}
	EndGlobalSection
EndGlobal
